
Microsoft Visual Studio Solution File, Format Version 12.00
# Visual Studio Version 16
VisualStudioVersion = 16.0.30128.74
MinimumVisualStudioVersion = 10.0.40219.1
Project("{FAE04EC0-301F-11D3-BF4B-00C04F79EFBC}") = "AXADev.Exams", "AXADev.Exams\AXADev.Exams.csproj", "{FF6422CD-0CCA-42C2-8B30-8F86739E5290}"
EndProject
Global
	GlobalSection(SolutionConfigurationPlatforms) = preSolution
		Debug|Any CPU = Debug|Any CPU
		Release|Any CPU = Release|Any CPU
	EndGlobalSection
	GlobalSection(ProjectConfigurationPlatforms) = postSolution
		{FF6422CD-0CCA-42C2-8B30-8F86739E5290}.Debug|Any CPU.ActiveCfg = Debug|Any CPU
		{FF6422CD-0CCA-42C2-8B30-8F86739E5290}.Debug|Any CPU.Build.0 = Debug|Any CPU
		{FF6422CD-0CCA-42C2-8B30-8F86739E5290}.Release|Any CPU.ActiveCfg = Release|Any CPU
		{FF6422CD-0CCA-42C2-8B30-8F86739E5290}.Release|Any CPU.Build.0 = Release|Any CPU
	EndGlobalSection
	GlobalSection(SolutionProperties) = preSolution
		HideSolutionNode = FALSE
	EndGlobalSection
	GlobalSection(ExtensibilityGlobals) = postSolution
		SolutionGuid = {2DB88E6D-482C-43D1-9C72-DE70658A801A}
	EndGlobalSection
EndGlobal
